
Microsoft Visual Studio Solution File, Format Version 12.00
# Visual Studio Version 17
VisualStudioVersion = 17.0.31903.59
MinimumVisualStudioVersion = 10.0.40219.1
Project("{2150E333-8FDC-42A3-9474-1A3956D46DE8}") = "src", "src", "{827E0CD3-B72D-47B6-A68D-7590B98EB39B}"
EndProject
Project("{FAE04EC0-301F-11D3-BF4B-00C04F79EFBC}") = "DomesticatedData.OleDbEmulator", "src\DomesticatedData.OleDbEmulator\DomesticatedData.OleDbEmulator.csproj", "{61C97457-1F43-435C-AB2A-D0B751D59830}"
EndProject
Project("{2150E333-8FDC-42A3-9474-1A3956D46DE8}") = "samples", "samples", "{5D20AA90-6969-D8BD-9DCD-8634F4692FDA}"
EndProject
Project("{FAE04EC0-301F-11D3-BF4B-00C04F79EFBC}") = "DomesticatedData.OleDbEmulator.Sample", "samples\DomesticatedData.OleDbEmulator.Sample\DomesticatedData.OleDbEmulator.Sample.csproj", "{18FE46BF-A171-4935-B42C-1753B80AF8BF}"
EndProject
Project("{2150E333-8FDC-42A3-9474-1A3956D46DE8}") = "tests", "tests", "{0AB3BF05-4346-4AA6-1389-037BE0695223}"
EndProject
Project("{FAE04EC0-301F-11D3-BF4B-00C04F79EFBC}") = "DomesticatedData.OleDbEmulator.Tests", "tests\DomesticatedData.OleDbEmulator.Tests\DomesticatedData.OleDbEmulator.Tests.csproj", "{BE46344A-9580-4494-9227-411DD1D3C75F}"
EndProject
Global
	GlobalSection(SolutionConfigurationPlatforms) = preSolution
		Debug|Any CPU = Debug|Any CPU
		Debug|x64 = Debug|x64
		Debug|x86 = Debug|x86
		Release|Any CPU = Release|Any CPU
		Release|x64 = Release|x64
		Release|x86 = Release|x86
	EndGlobalSection
	GlobalSection(ProjectConfigurationPlatforms) = postSolution
		{61C97457-1F43-435C-AB2A-D0B751D59830}.Debug|Any CPU.ActiveCfg = Debug|Any CPU
		{61C97457-1F43-435C-AB2A-D0B751D59830}.Debug|Any CPU.Build.0 = Debug|Any CPU
		{61C97457-1F43-435C-AB2A-D0B751D59830}.Debug|x64.ActiveCfg = Debug|Any CPU
		{61C97457-1F43-435C-AB2A-D0B751D59830}.Debug|x64.Build.0 = Debug|Any CPU
		{61C97457-1F43-435C-AB2A-D0B751D59830}.Debug|x86.ActiveCfg = Debug|Any CPU
		{61C97457-1F43-435C-AB2A-D0B751D59830}.Debug|x86.Build.0 = Debug|Any CPU
		{61C97457-1F43-435C-AB2A-D0B751D59830}.Release|Any CPU.ActiveCfg = Release|Any CPU
		{61C97457-1F43-435C-AB2A-D0B751D59830}.Release|Any CPU.Build.0 = Release|Any CPU
		{61C97457-1F43-435C-AB2A-D0B751D59830}.Release|x64.ActiveCfg = Release|Any CPU
		{61C97457-1F43-435C-AB2A-D0B751D59830}.Release|x64.Build.0 = Release|Any CPU
		{61C97457-1F43-435C-AB2A-D0B751D59830}.Release|x86.ActiveCfg = Release|Any CPU
		{61C97457-1F43-435C-AB2A-D0B751D59830}.Release|x86.Build.0 = Release|Any CPU
		{18FE46BF-A171-4935-B42C-1753B80AF8BF}.Debug|Any CPU.ActiveCfg = Debug|Any CPU
		{18FE46BF-A171-4935-B42C-1753B80AF8BF}.Debug|Any CPU.Build.0 = Debug|Any CPU
		{18FE46BF-A171-4935-B42C-1753B80AF8BF}.Debug|x64.ActiveCfg = Debug|Any CPU
		{18FE46BF-A171-4935-B42C-1753B80AF8BF}.Debug|x64.Build.0 = Debug|Any CPU
		{18FE46BF-A171-4935-B42C-1753B80AF8BF}.Debug|x86.ActiveCfg = Debug|Any CPU
		{18FE46BF-A171-4935-B42C-1753B80AF8BF}.Debug|x86.Build.0 = Debug|Any CPU
		{18FE46BF-A171-4935-B42C-1753B80AF8BF}.Release|Any CPU.ActiveCfg = Release|Any CPU
		{18FE46BF-A171-4935-B42C-1753B80AF8BF}.Release|Any CPU.Build.0 = Release|Any CPU
		{18FE46BF-A171-4935-B42C-1753B80AF8BF}.Release|x64.ActiveCfg = Release|Any CPU
		{18FE46BF-A171-4935-B42C-1753B80AF8BF}.Release|x64.Build.0 = Release|Any CPU
		{18FE46BF-A171-4935-B42C-1753B80AF8BF}.Release|x86.ActiveCfg = Release|Any CPU
		{18FE46BF-A171-4935-B42C-1753B80AF8BF}.Release|x86.Build.0 = Release|Any CPU
		{BE46344A-9580-4494-9227-411DD1D3C75F}.Debug|Any CPU.ActiveCfg = Debug|Any CPU
		{BE46344A-9580-4494-9227-411DD1D3C75F}.Debug|Any CPU.Build.0 = Debug|Any CPU
		{BE46344A-9580-4494-9227-411DD1D3C75F}.Debug|x64.ActiveCfg = Debug|Any CPU
		{BE46344A-9580-4494-9227-411DD1D3C75F}.Debug|x64.Build.0 = Debug|Any CPU
		{BE46344A-9580-4494-9227-411DD1D3C75F}.Debug|x86.ActiveCfg = Debug|Any CPU
		{BE46344A-9580-4494-9227-411DD1D3C75F}.Debug|x86.Build.0 = Debug|Any CPU
		{BE46344A-9580-4494-9227-411DD1D3C75F}.Release|Any CPU.ActiveCfg = Release|Any CPU
		{BE46344A-9580-4494-9227-411DD1D3C75F}.Release|Any CPU.Build.0 = Release|Any CPU
		{BE46344A-9580-4494-9227-411DD1D3C75F}.Release|x64.ActiveCfg = Release|Any CPU
		{BE46344A-9580-4494-9227-411DD1D3C75F}.Release|x64.Build.0 = Release|Any CPU
		{BE46344A-9580-4494-9227-411DD1D3C75F}.Release|x86.ActiveCfg = Release|Any CPU
		{BE46344A-9580-4494-9227-411DD1D3C75F}.Release|x86.Build.0 = Release|Any CPU
	EndGlobalSection
	GlobalSection(SolutionProperties) = preSolution
		HideSolutionNode = FALSE
	EndGlobalSection
	GlobalSection(NestedProjects) = preSolution
		{61C97457-1F43-435C-AB2A-D0B751D59830} = {827E0CD3-B72D-47B6-A68D-7590B98EB39B}
		{18FE46BF-A171-4935-B42C-1753B80AF8BF} = {5D20AA90-6969-D8BD-9DCD-8634F4692FDA}
		{BE46344A-9580-4494-9227-411DD1D3C75F} = {0AB3BF05-4346-4AA6-1389-037BE0695223}
	EndGlobalSection
EndGlobal
